
Microsoft Visual Studio Solution File, Format Version 12.00
# Visual Studio Version 16
VisualStudioVersion = 16.0.32106.194
MinimumVisualStudioVersion = 10.0.40219.1
Project("{FAE04EC0-301F-11D3-BF4B-00C04F79EFBC}") = "DolzhenkovPR12.Android", "DolzhenkovPR12\DolzhenkovPR12.Android\DolzhenkovPR12.Android.csproj", "{59792F1B-F2EC-4FF2-9F4C-F93CEC2746D9}"
EndProject
Project("{FAE04EC0-301F-11D3-BF4B-00C04F79EFBC}") = "DolzhenkovPR12.iOS", "DolzhenkovPR12\DolzhenkovPR12.iOS\DolzhenkovPR12.iOS.csproj", "{82F86182-102F-4DFA-A0F8-EE4E86904A7C}"
EndProject
Project("{FAE04EC0-301F-11D3-BF4B-00C04F79EFBC}") = "DolzhenkovPR12", "DolzhenkovPR12\DolzhenkovPR12\DolzhenkovPR12.csproj", "{E4E9CD10-DE3C-47E7-A976-A8E9B3A981F4}"
EndProject
Global
	GlobalSection(SolutionConfigurationPlatforms) = preSolution
		Debug|Any CPU = Debug|Any CPU
		Debug|iPhone = Debug|iPhone
		Debug|iPhoneSimulator = Debug|iPhoneSimulator
		Release|Any CPU = Release|Any CPU
		Release|iPhone = Release|iPhone
		Release|iPhoneSimulator = Release|iPhoneSimulator
	EndGlobalSection
	GlobalSection(ProjectConfigurationPlatforms) = postSolution
		{59792F1B-F2EC-4FF2-9F4C-F93CEC2746D9}.Debug|Any CPU.ActiveCfg = Debug|Any CPU
		{59792F1B-F2EC-4FF2-9F4C-F93CEC2746D9}.Debug|Any CPU.Build.0 = Debug|Any CPU
		{59792F1B-F2EC-4FF2-9F4C-F93CEC2746D9}.Debug|Any CPU.Deploy.0 = Debug|Any CPU
		{59792F1B-F2EC-4FF2-9F4C-F93CEC2746D9}.Debug|iPhone.ActiveCfg = Debug|Any CPU
		{59792F1B-F2EC-4FF2-9F4C-F93CEC2746D9}.Debug|iPhone.Build.0 = Debug|Any CPU
		{59792F1B-F2EC-4FF2-9F4C-F93CEC2746D9}.Debug|iPhone.Deploy.0 = Debug|Any CPU
		{59792F1B-F2EC-4FF2-9F4C-F93CEC2746D9}.Debug|iPhoneSimulator.ActiveCfg = Debug|Any CPU
		{59792F1B-F2EC-4FF2-9F4C-F93CEC2746D9}.Debug|iPhoneSimulator.Build.0 = Debug|Any CPU
		{59792F1B-F2EC-4FF2-9F4C-F93CEC2746D9}.Debug|iPhoneSimulator.Deploy.0 = Debug|Any CPU
		{59792F1B-F2EC-4FF2-9F4C-F93CEC2746D9}.Release|Any CPU.ActiveCfg = Release|Any CPU
		{59792F1B-F2EC-4FF2-9F4C-F93CEC2746D9}.Release|Any CPU.Build.0 = Release|Any CPU
		{59792F1B-F2EC-4FF2-9F4C-F93CEC2746D9}.Release|Any CPU.Deploy.0 = Release|Any CPU
		{59792F1B-F2EC-4FF2-9F4C-F93CEC2746D9}.Release|iPhone.ActiveCfg = Release|Any CPU
		{59792F1B-F2EC-4FF2-9F4C-F93CEC2746D9}.Release|iPhone.Build.0 = Release|Any CPU
		{59792F1B-F2EC-4FF2-9F4C-F93CEC2746D9}.Release|iPhone.Deploy.0 = Release|Any CPU
		{59792F1B-F2EC-4FF2-9F4C-F93CEC2746D9}.Release|iPhoneSimulator.ActiveCfg = Release|Any CPU
		{59792F1B-F2EC-4FF2-9F4C-F93CEC2746D9}.Release|iPhoneSimulator.Build.0 = Release|Any CPU
		{59792F1B-F2EC-4FF2-9F4C-F93CEC2746D9}.Release|iPhoneSimulator.Deploy.0 = Release|Any CPU
		{82F86182-102F-4DFA-A0F8-EE4E86904A7C}.Debug|Any CPU.ActiveCfg = Debug|iPhone
		{82F86182-102F-4DFA-A0F8-EE4E86904A7C}.Debug|Any CPU.Build.0 = Debug|iPhone
		{82F86182-102F-4DFA-A0F8-EE4E86904A7C}.Debug|Any CPU.Deploy.0 = Debug|iPhone
		{82F86182-102F-4DFA-A0F8-EE4E86904A7C}.Debug|iPhone.ActiveCfg = Debug|iPhone
		{82F86182-102F-4DFA-A0F8-EE4E86904A7C}.Debug|iPhone.Build.0 = Debug|iPhone
		{82F86182-102F-4DFA-A0F8-EE4E86904A7C}.Debug|iPhone.Deploy.0 = Debug|iPhone
		{82F86182-102F-4DFA-A0F8-EE4E86904A7C}.Debug|iPhoneSimulator.ActiveCfg = Debug|iPhoneSimulator
		{82F86182-102F-4DFA-A0F8-EE4E86904A7C}.Debug|iPhoneSimulator.Build.0 = Debug|iPhoneSimulator
		{82F86182-102F-4DFA-A0F8-EE4E86904A7C}.Debug|iPhoneSimulator.Deploy.0 = Debug|iPhoneSimulator
		{82F86182-102F-4DFA-A0F8-EE4E86904A7C}.Release|Any CPU.ActiveCfg = Release|iPhoneSimulator
		{82F86182-102F-4DFA-A0F8-EE4E86904A7C}.Release|Any CPU.Build.0 = Release|iPhoneSimulator
		{82F86182-102F-4DFA-A0F8-EE4E86904A7C}.Release|Any CPU.Deploy.0 = Release|iPhoneSimulator
		{82F86182-102F-4DFA-A0F8-EE4E86904A7C}.Release|iPhone.ActiveCfg = Release|iPhone
		{82F86182-102F-4DFA-A0F8-EE4E86904A7C}.Release|iPhone.Build.0 = Release|iPhone
		{82F86182-102F-4DFA-A0F8-EE4E86904A7C}.Release|iPhone.Deploy.0 = Release|iPhone
		{82F86182-102F-4DFA-A0F8-EE4E86904A7C}.Release|iPhoneSimulator.ActiveCfg = Release|iPhoneSimulator
		{82F86182-102F-4DFA-A0F8-EE4E86904A7C}.Release|iPhoneSimulator.Build.0 = Release|iPhoneSimulator
		{82F86182-102F-4DFA-A0F8-EE4E86904A7C}.Release|iPhoneSimulator.Deploy.0 = Release|iPhoneSimulator
		{E4E9CD10-DE3C-47E7-A976-A8E9B3A981F4}.Debug|Any CPU.ActiveCfg = Debug|Any CPU
		{E4E9CD10-DE3C-47E7-A976-A8E9B3A981F4}.Debug|Any CPU.Build.0 = Debug|Any CPU
		{E4E9CD10-DE3C-47E7-A976-A8E9B3A981F4}.Debug|Any CPU.Deploy.0 = Debug|Any CPU
		{E4E9CD10-DE3C-47E7-A976-A8E9B3A981F4}.Debug|iPhone.ActiveCfg = Debug|Any CPU
		{E4E9CD10-DE3C-47E7-A976-A8E9B3A981F4}.Debug|iPhone.Build.0 = Debug|Any CPU
		{E4E9CD10-DE3C-47E7-A976-A8E9B3A981F4}.Debug|iPhone.Deploy.0 = Debug|Any CPU
		{E4E9CD10-DE3C-47E7-A976-A8E9B3A981F4}.Debug|iPhoneSimulator.ActiveCfg = Debug|Any CPU
		{E4E9CD10-DE3C-47E7-A976-A8E9B3A981F4}.Debug|iPhoneSimulator.Build.0 = Debug|Any CPU
		{E4E9CD10-DE3C-47E7-A976-A8E9B3A981F4}.Debug|iPhoneSimulator.Deploy.0 = Debug|Any CPU
		{E4E9CD10-DE3C-47E7-A976-A8E9B3A981F4}.Release|Any CPU.ActiveCfg = Release|Any CPU
		{E4E9CD10-DE3C-47E7-A976-A8E9B3A981F4}.Release|Any CPU.Build.0 = Release|Any CPU
		{E4E9CD10-DE3C-47E7-A976-A8E9B3A981F4}.Release|Any CPU.Deploy.0 = Release|Any CPU
		{E4E9CD10-DE3C-47E7-A976-A8E9B3A981F4}.Release|iPhone.ActiveCfg = Release|Any CPU
		{E4E9CD10-DE3C-47E7-A976-A8E9B3A981F4}.Release|iPhone.Build.0 = Release|Any CPU
		{E4E9CD10-DE3C-47E7-A976-A8E9B3A981F4}.Release|iPhone.Deploy.0 = Release|Any CPU
		{E4E9CD10-DE3C-47E7-A976-A8E9B3A981F4}.Release|iPhoneSimulator.ActiveCfg = Release|Any CPU
		{E4E9CD10-DE3C-47E7-A976-A8E9B3A981F4}.Release|iPhoneSimulator.Build.0 = Release|Any CPU
		{E4E9CD10-DE3C-47E7-A976-A8E9B3A981F4}.Release|iPhoneSimulator.Deploy.0 = Release|Any CPU
	EndGlobalSection
	GlobalSection(SolutionProperties) = preSolution
		HideSolutionNode = FALSE
	EndGlobalSection
	GlobalSection(ExtensibilityGlobals) = postSolution
		SolutionGuid = {748E82F8-059C-49AF-A3CA-DD21BAC2F95F}
	EndGlobalSection
EndGlobal
